
Microsoft Visual Studio Solution File, Format Version 12.00
# Visual Studio Version 17
VisualStudioVersion = 17.6.33815.320
MinimumVisualStudioVersion = 10.0.40219.1
Project("{9A19103F-16F7-4668-BE54-9A1E7A4F7556}") = "DynamicVideoTranscoderFunctionApp", "DynamicVideoTranscoderFunctionApp\DynamicVideoTranscoderFunctionApp.csproj", "{B16C2C06-5FD9-4A8B-A4A4-47CC641C98FF}"
EndProject
Project("{54A90642-561A-4BB1-A94E-469ADEE60C69}") = "videotranscoredfrontend", "VideoTranscoredFrontEnd\videotranscoredfrontend.esproj", "{7495E794-BF0B-4A59-9B7B-6E6888B2A132}"
EndProject
Global
	GlobalSection(SolutionConfigurationPlatforms) = preSolution
		Debug|Any CPU = Debug|Any CPU
		Release|Any CPU = Release|Any CPU
	EndGlobalSection
	GlobalSection(ProjectConfigurationPlatforms) = postSolution
		{B16C2C06-5FD9-4A8B-A4A4-47CC641C98FF}.Debug|Any CPU.ActiveCfg = Debug|Any CPU
		{B16C2C06-5FD9-4A8B-A4A4-47CC641C98FF}.Debug|Any CPU.Build.0 = Debug|Any CPU
		{B16C2C06-5FD9-4A8B-A4A4-47CC641C98FF}.Release|Any CPU.ActiveCfg = Release|Any CPU
		{B16C2C06-5FD9-4A8B-A4A4-47CC641C98FF}.Release|Any CPU.Build.0 = Release|Any CPU
		{7495E794-BF0B-4A59-9B7B-6E6888B2A132}.Debug|Any CPU.ActiveCfg = Debug|Any CPU
		{7495E794-BF0B-4A59-9B7B-6E6888B2A132}.Debug|Any CPU.Build.0 = Debug|Any CPU
		{7495E794-BF0B-4A59-9B7B-6E6888B2A132}.Debug|Any CPU.Deploy.0 = Debug|Any CPU
		{7495E794-BF0B-4A59-9B7B-6E6888B2A132}.Release|Any CPU.ActiveCfg = Release|Any CPU
		{7495E794-BF0B-4A59-9B7B-6E6888B2A132}.Release|Any CPU.Build.0 = Release|Any CPU
		{7495E794-BF0B-4A59-9B7B-6E6888B2A132}.Release|Any CPU.Deploy.0 = Release|Any CPU
	EndGlobalSection
	GlobalSection(SolutionProperties) = preSolution
		HideSolutionNode = FALSE
	EndGlobalSection
	GlobalSection(ExtensibilityGlobals) = postSolution
		SolutionGuid = {AB52EC7A-2E6D-4C77-B4A2-F7BAFB04B735}
	EndGlobalSection
EndGlobal
